
Microsoft Visual Studio Solution File, Format Version 12.00
# Visual Studio Version 17
VisualStudioVersion = 17.14.36603.0 d17.14
MinimumVisualStudioVersion = 10.0.40219.1
Project("{FAE04EC0-301F-11D3-BF4B-00C04F79EFBC}") = "Kontaktkatalogen", "..\Kontaktkatalogen\Kontaktkatalogen.csproj", "{3F5C1FE8-B146-716C-E18C-30BFB059BE40}"
EndProject
Project("{FAE04EC0-301F-11D3-BF4B-00C04F79EFBC}") = "Kontaktkatalogen.tests", "..\Kontaktkatalogen.tests\Kontaktkatalogen.tests.csproj", "{C6585D49-7EBD-15DE-8798-F6508774F5E2}"
EndProject
Global
	GlobalSection(SolutionConfigurationPlatforms) = preSolution
		Debug|Any CPU = Debug|Any CPU
		Release|Any CPU = Release|Any CPU
	EndGlobalSection
	GlobalSection(ProjectConfigurationPlatforms) = postSolution
		{3F5C1FE8-B146-716C-E18C-30BFB059BE40}.Debug|Any CPU.ActiveCfg = Debug|Any CPU
		{3F5C1FE8-B146-716C-E18C-30BFB059BE40}.Debug|Any CPU.Build.0 = Debug|Any CPU
		{3F5C1FE8-B146-716C-E18C-30BFB059BE40}.Release|Any CPU.ActiveCfg = Release|Any CPU
		{3F5C1FE8-B146-716C-E18C-30BFB059BE40}.Release|Any CPU.Build.0 = Release|Any CPU
		{C6585D49-7EBD-15DE-8798-F6508774F5E2}.Debug|Any CPU.ActiveCfg = Debug|Any CPU
		{C6585D49-7EBD-15DE-8798-F6508774F5E2}.Debug|Any CPU.Build.0 = Debug|Any CPU
		{C6585D49-7EBD-15DE-8798-F6508774F5E2}.Release|Any CPU.ActiveCfg = Release|Any CPU
		{C6585D49-7EBD-15DE-8798-F6508774F5E2}.Release|Any CPU.Build.0 = Release|Any CPU
	EndGlobalSection
	GlobalSection(SolutionProperties) = preSolution
		HideSolutionNode = FALSE
	EndGlobalSection
	GlobalSection(ExtensibilityGlobals) = postSolution
		SolutionGuid = {C09BB007-EBEE-4220-9716-E810BD0E075E}
	EndGlobalSection
EndGlobal
